
Microsoft Visual Studio Solution File, Format Version 12.00
# Visual Studio Version 16
VisualStudioVersion = 16.0.31702.278
MinimumVisualStudioVersion = 10.0.40219.1
Project("{FAE04EC0-301F-11D3-BF4B-00C04F79EFBC}") = "Week2 Lab2 Password Registration", "Week2 Lab2 Password Registration\Week2 Lab2 Password Registration.csproj", "{A84B261F-431C-4C50-A782-BB7165A9A779}"
EndProject
Global
	GlobalSection(SolutionConfigurationPlatforms) = preSolution
		Debug|Any CPU = Debug|Any CPU
		Release|Any CPU = Release|Any CPU
	EndGlobalSection
	GlobalSection(ProjectConfigurationPlatforms) = postSolution
		{A84B261F-431C-4C50-A782-BB7165A9A779}.Debug|Any CPU.ActiveCfg = Debug|Any CPU
		{A84B261F-431C-4C50-A782-BB7165A9A779}.Debug|Any CPU.Build.0 = Debug|Any CPU
		{A84B261F-431C-4C50-A782-BB7165A9A779}.Release|Any CPU.ActiveCfg = Release|Any CPU
		{A84B261F-431C-4C50-A782-BB7165A9A779}.Release|Any CPU.Build.0 = Release|Any CPU
	EndGlobalSection
	GlobalSection(SolutionProperties) = preSolution
		HideSolutionNode = FALSE
	EndGlobalSection
	GlobalSection(ExtensibilityGlobals) = postSolution
		SolutionGuid = {D8F16445-60F5-45FB-9325-A17368E592CC}
	EndGlobalSection
EndGlobal
